
Microsoft Visual Studio Solution File, Format Version 12.00
# Visual Studio Version 17
VisualStudioVersion = 17.14.36811.4 d17.14
MinimumVisualStudioVersion = 10.0.40219.1
Project("{FAE04EC0-301F-11D3-BF4B-00C04F79EFBC}") = "zachet29.05", "zachet29.05\zachet29.05.csproj", "{EB4AA463-7055-4A1F-9093-42BD3FB968A1}"
EndProject
Project("{FAE04EC0-301F-11D3-BF4B-00C04F79EFBC}") = "zachet29Tests", "zachet29Tests\zachet29Tests.csproj", "{1A7FDF3F-E9D5-4367-AD1A-DDA53246DEF1}"
EndProject
Global
	GlobalSection(SolutionConfigurationPlatforms) = preSolution
		Debug|Any CPU = Debug|Any CPU
		Release|Any CPU = Release|Any CPU
	EndGlobalSection
	GlobalSection(ProjectConfigurationPlatforms) = postSolution
		{EB4AA463-7055-4A1F-9093-42BD3FB968A1}.Debug|Any CPU.ActiveCfg = Debug|Any CPU
		{EB4AA463-7055-4A1F-9093-42BD3FB968A1}.Debug|Any CPU.Build.0 = Debug|Any CPU
		{EB4AA463-7055-4A1F-9093-42BD3FB968A1}.Release|Any CPU.ActiveCfg = Release|Any CPU
		{EB4AA463-7055-4A1F-9093-42BD3FB968A1}.Release|Any CPU.Build.0 = Release|Any CPU
		{1A7FDF3F-E9D5-4367-AD1A-DDA53246DEF1}.Debug|Any CPU.ActiveCfg = Debug|Any CPU
		{1A7FDF3F-E9D5-4367-AD1A-DDA53246DEF1}.Debug|Any CPU.Build.0 = Debug|Any CPU
		{1A7FDF3F-E9D5-4367-AD1A-DDA53246DEF1}.Release|Any CPU.ActiveCfg = Release|Any CPU
		{1A7FDF3F-E9D5-4367-AD1A-DDA53246DEF1}.Release|Any CPU.Build.0 = Release|Any CPU
	EndGlobalSection
	GlobalSection(SolutionProperties) = preSolution
		HideSolutionNode = FALSE
	EndGlobalSection
	GlobalSection(ExtensibilityGlobals) = postSolution
		SolutionGuid = {7D273086-6142-4416-B235-51A5A0CF4FBC}
	EndGlobalSection
EndGlobal
